
Microsoft Visual Studio Solution File, Format Version 12.00
# Visual Studio Version 16
VisualStudioVersion = 16.0.32002.261
MinimumVisualStudioVersion = 10.0.40219.1
Project("{FAE04EC0-301F-11D3-BF4B-00C04F79EFBC}") = "Lesson_7", "Lesson_7\Lesson_7.csproj", "{6FA97F5D-04A7-47D8-89EA-39C947100A81}"
EndProject
Global
	GlobalSection(SolutionConfigurationPlatforms) = preSolution
		Debug|Any CPU = Debug|Any CPU
		Release|Any CPU = Release|Any CPU
	EndGlobalSection
	GlobalSection(ProjectConfigurationPlatforms) = postSolution
		{6FA97F5D-04A7-47D8-89EA-39C947100A81}.Debug|Any CPU.ActiveCfg = Debug|Any CPU
		{6FA97F5D-04A7-47D8-89EA-39C947100A81}.Debug|Any CPU.Build.0 = Debug|Any CPU
		{6FA97F5D-04A7-47D8-89EA-39C947100A81}.Release|Any CPU.ActiveCfg = Release|Any CPU
		{6FA97F5D-04A7-47D8-89EA-39C947100A81}.Release|Any CPU.Build.0 = Release|Any CPU
	EndGlobalSection
	GlobalSection(SolutionProperties) = preSolution
		HideSolutionNode = FALSE
	EndGlobalSection
	GlobalSection(ExtensibilityGlobals) = postSolution
		SolutionGuid = {54D42AB2-7FFF-407F-80FE-979BFBF6F11E}
	EndGlobalSection
EndGlobal
